
Microsoft Visual Studio Solution File, Format Version 12.00
# Visual Studio Version 16
VisualStudioVersion = 16.0.31624.102
MinimumVisualStudioVersion = 10.0.40219.1
Project("{FAE04EC0-301F-11D3-BF4B-00C04F79EFBC}") = "31122021FormApp2", "31122021FormApp2\31122021FormApp2.csproj", "{BD6AE81A-40BD-4430-B070-0B0C8251B9D1}"
EndProject
Global
	GlobalSection(SolutionConfigurationPlatforms) = preSolution
		Debug|Any CPU = Debug|Any CPU
		Release|Any CPU = Release|Any CPU
	EndGlobalSection
	GlobalSection(ProjectConfigurationPlatforms) = postSolution
		{BD6AE81A-40BD-4430-B070-0B0C8251B9D1}.Debug|Any CPU.ActiveCfg = Debug|Any CPU
		{BD6AE81A-40BD-4430-B070-0B0C8251B9D1}.Debug|Any CPU.Build.0 = Debug|Any CPU
		{BD6AE81A-40BD-4430-B070-0B0C8251B9D1}.Release|Any CPU.ActiveCfg = Release|Any CPU
		{BD6AE81A-40BD-4430-B070-0B0C8251B9D1}.Release|Any CPU.Build.0 = Release|Any CPU
	EndGlobalSection
	GlobalSection(SolutionProperties) = preSolution
		HideSolutionNode = FALSE
	EndGlobalSection
	GlobalSection(ExtensibilityGlobals) = postSolution
		SolutionGuid = {D395F11E-644C-43DD-A262-D43CB6B57806}
	EndGlobalSection
EndGlobal
